// !$*UTF8*$!
{
	archiveVersion = 1;
	classes = {
	};
	objectVersion = 55;
	objects = {

/* Begin PBXBuildFile section */
		A6CF2D802A78994D0084149B /* CardPacApp.swift in Sources */ = {isa = PBXBuildFile; fileRef = A6CF2D7F2A78994D0084149B /* CardPacApp.swift */; };
		A6CF2D822A78994D0084149B /* ContentView.swift in Sources */ = {isa = PBXBuildFile; fileRef = A6CF2D812A78994D0084149B /* ContentView.swift */; };
		A6CF2D842A7899500084149B /* Assets.xcassets in Resources */ = {isa = PBXBuildFile; fileRef = A6CF2D832A7899500084149B /* Assets.xcassets */; };
		A6CF2D872A7899500084149B /* Preview Assets.xcassets in Resources */ = {isa = PBXBuildFile; fileRef = A6CF2D862A7899500084149B /* Preview Assets.xcassets */; };
		A6CF2D912A7899510084149B /* CardPacTests.swift in Sources */ = {isa = PBXBuildFile; fileRef = A6CF2D902A7899510084149B /* CardPacTests.swift */; };
		A6CF2D9B2A7899510084149B /* CardPacUITests.swift in Sources */ = {isa = PBXBuildFile; fileRef = A6CF2D9A2A7899510084149B /* CardPacUITests.swift */; };
		A6CF2D9D2A7899510084149B /* CardPacUITestsLaunchTests.swift in Sources */ = {isa = PBXBuildFile; fileRef = A6CF2D9C2A7899510084149B /* CardPacUITestsLaunchTests.swift */; };
		A6CF2DB12A78AA050084149B /* Card.swift in Sources */ = {isa = PBXBuildFile; fileRef = A6CF2DB02A78AA040084149B /* Card.swift */; };
		A6CF2DB32A78B21D0084149B /* Constants.swift in Sources */ = {isa = PBXBuildFile; fileRef = A6CF2DB22A78B21D0084149B /* Constants.swift */; };
		A6CF2DD02A78D2B00084149B /* NetworkManager.swift in Sources */ = {isa = PBXBuildFile; fileRef = A6CF2DCF2A78D2B00084149B /* NetworkManager.swift */; };
		A6CF2DD22A78D2DC0084149B /* ResponseHandler.swift in Sources */ = {isa = PBXBuildFile; fileRef = A6CF2DD12A78D2DC0084149B /* ResponseHandler.swift */; };
		A6CF2DD42A78D2F80084149B /* APIHandler.swift in Sources */ = {isa = PBXBuildFile; fileRef = A6CF2DD32A78D2F80084149B /* APIHandler.swift */; };
		A6CF2DD72A78D3300084149B /* CardService.swift in Sources */ = {isa = PBXBuildFile; fileRef = A6CF2DD62A78D3300084149B /* CardService.swift */; };
		A6CF2DD92A78D6170084149B /* CardViewModel.swift in Sources */ = {isa = PBXBuildFile; fileRef = A6CF2DD82A78D6170084149B /* CardViewModel.swift */; };
		A6CF2DDB2A78D89E0084149B /* CardDetails.swift in Sources */ = {isa = PBXBuildFile; fileRef = A6CF2DDA2A78D89D0084149B /* CardDetails.swift */; };
		A6CF2DDD2A78DAFC0084149B /* CardView.swift in Sources */ = {isa = PBXBuildFile; fileRef = A6CF2DDC2A78DAFC0084149B /* CardView.swift */; };
/* End PBXBuildFile section */

/* Begin PBXContainerItemProxy section */
		A6CF2D8D2A7899510084149B /* PBXContainerItemProxy */ = {
			isa = PBXContainerItemProxy;
			containerPortal = A6CF2D742A78994D0084149B /* Project object */;
			proxyType = 1;
			remoteGlobalIDString = A6CF2D7B2A78994D0084149B;
			remoteInfo = CardPac;
		};
		A6CF2D972A7899510084149B /* PBXContainerItemProxy */ = {
			isa = PBXContainerItemProxy;
			containerPortal = A6CF2D742A78994D0084149B /* Project object */;
			proxyType = 1;
			remoteGlobalIDString = A6CF2D7B2A78994D0084149B;
			remoteInfo = CardPac;
		};
/* End PBXContainerItemProxy section */

/* Begin PBXFileReference section */
		A6CF2D7C2A78994D0084149B /* CardPac.app */ = {isa = PBXFileReference; explicitFileType = wrapper.application; includeInIndex = 0; path = CardPac.app; sourceTree = BUILT_PRODUCTS_DIR; };
		A6CF2D7F2A78994D0084149B /* CardPacApp.swift */ = {isa = PBXFileReference; lastKnownFileType = sourcecode.swift; path = CardPacApp.swift; sourceTree = "<group>"; };
		A6CF2D812A78994D0084149B /* ContentView.swift */ = {isa = PBXFileReference; lastKnownFileType = sourcecode.swift; path = ContentView.swift; sourceTree = "<group>"; };
		A6CF2D832A7899500084149B /* Assets.xcassets */ = {isa = PBXFileReference; lastKnownFileType = folder.assetcatalog; path = Assets.xcassets; sourceTree = "<group>"; };
		A6CF2D862A7899500084149B /* Preview Assets.xcassets */ = {isa = PBXFileReference; lastKnownFileType = folder.assetcatalog; path = "Preview Assets.xcassets"; sourceTree = "<group>"; };
		A6CF2D8C2A7899510084149B /* CardPacTests.xctest */ = {isa = PBXFileReference; explicitFileType = wrapper.cfbundle; includeInIndex = 0; path = CardPacTests.xctest; sourceTree = BUILT_PRODUCTS_DIR; };
		A6CF2D902A7899510084149B /* CardPacTests.swift */ = {isa = PBXFileReference; lastKnownFileType = sourcecode.swift; path = CardPacTests.swift; sourceTree = "<group>"; };
		A6CF2D962A7899510084149B /* CardPacUITests.xctest */ = {isa = PBXFileReference; explicitFileType = wrapper.cfbundle; includeInIndex = 0; path = CardPacUITests.xctest; sourceTree = BUILT_PRODUCTS_DIR; };
		A6CF2D9A2A7899510084149B /* CardPacUITests.swift */ = {isa = PBXFileReference; lastKnownFileType = sourcecode.swift; path = CardPacUITests.swift; sourceTree = "<group>"; };
		A6CF2D9C2A7899510084149B /* CardPacUITestsLaunchTests.swift */ = {isa = PBXFileReference; lastKnownFileType = sourcecode.swift; path = CardPacUITestsLaunchTests.swift; sourceTree = "<group>"; };
		A6CF2DB02A78AA040084149B /* Card.swift */ = {isa = PBXFileReference; lastKnownFileType = sourcecode.swift; path = Card.swift; sourceTree = "<group>"; };
		A6CF2DB22A78B21D0084149B /* Constants.swift */ = {isa = PBXFileReference; lastKnownFileType = sourcecode.swift; path = Constants.swift; sourceTree = "<group>"; };
		A6CF2DCF2A78D2B00084149B /* NetworkManager.swift */ = {isa = PBXFileReference; lastKnownFileType = sourcecode.swift; path = NetworkManager.swift; sourceTree = "<group>"; };
		A6CF2DD12A78D2DC0084149B /* ResponseHandler.swift */ = {isa = PBXFileReference; lastKnownFileType = sourcecode.swift; path = ResponseHandler.swift; sourceTree = "<group>"; };
		A6CF2DD32A78D2F80084149B /* APIHandler.swift */ = {isa = PBXFileReference; lastKnownFileType = sourcecode.swift; path = APIHandler.swift; sourceTree = "<group>"; };
		A6CF2DD62A78D3300084149B /* CardService.swift */ = {isa = PBXFileReference; lastKnownFileType = sourcecode.swift; path = CardService.swift; sourceTree = "<group>"; };
		A6CF2DD82A78D6170084149B /* CardViewModel.swift */ = {isa = PBXFileReference; lastKnownFileType = sourcecode.swift; path = CardViewModel.swift; sourceTree = "<group>"; };
		A6CF2DDA2A78D89D0084149B /* CardDetails.swift */ = {isa = PBXFileReference; lastKnownFileType = sourcecode.swift; path = CardDetails.swift; sourceTree = "<group>"; };
		A6CF2DDC2A78DAFC0084149B /* CardView.swift */ = {isa = PBXFileReference; lastKnownFileType = sourcecode.swift; path = CardView.swift; sourceTree = "<group>"; };
/* End PBXFileReference section */

/* Begin PBXFrameworksBuildPhase section */
		A6CF2D792A78994D0084149B /* Frameworks */ = {
			isa = PBXFrameworksBuildPhase;
			buildActionMask = 2147483647;
			files = (
			);
			runOnlyForDeploymentPostprocessing = 0;
		};
		A6CF2D892A7899510084149B /* Frameworks */ = {
			isa = PBXFrameworksBuildPhase;
			buildActionMask = 2147483647;
			files = (
			);
			runOnlyForDeploymentPostprocessing = 0;
		};
		A6CF2D932A7899510084149B /* Frameworks */ = {
			isa = PBXFrameworksBuildPhase;
			buildActionMask = 2147483647;
			files = (
			);
			runOnlyForDeploymentPostprocessing = 0;
		};
/* End PBXFrameworksBuildPhase section */

/* Begin PBXGroup section */
		A6CF2D732A78994D0084149B = {
			isa = PBXGroup;
			children = (
				A6CF2D7E2A78994D0084149B /* CardPac */,
				A6CF2D8F2A7899510084149B /* CardPacTests */,
				A6CF2D992A7899510084149B /* CardPacUITests */,
				A6CF2D7D2A78994D0084149B /* Products */,
			);
			sourceTree = "<group>";
		};
		A6CF2D7D2A78994D0084149B /* Products */ = {
			isa = PBXGroup;
			children = (
				A6CF2D7C2A78994D0084149B /* CardPac.app */,
				A6CF2D8C2A7899510084149B /* CardPacTests.xctest */,
				A6CF2D962A7899510084149B /* CardPacUITests.xctest */,
			);
			name = Products;
			sourceTree = "<group>";
		};
		A6CF2D7E2A78994D0084149B /* CardPac */ = {
			isa = PBXGroup;
			children = (
				A6CF2DCE2A78D2970084149B /* Networking */,
				A6CF2D7F2A78994D0084149B /* CardPacApp.swift */,
				A6CF2DDC2A78DAFC0084149B /* CardView.swift */,
				A6CF2DB02A78AA040084149B /* Card.swift */,
				A6CF2DD82A78D6170084149B /* CardViewModel.swift */,
				A6CF2DDA2A78D89D0084149B /* CardDetails.swift */,
				A6CF2D812A78994D0084149B /* ContentView.swift */,
				A6CF2DB22A78B21D0084149B /* Constants.swift */,
				A6CF2D832A7899500084149B /* Assets.xcassets */,
				A6CF2D852A7899500084149B /* Preview Content */,
			);
			path = CardPac;
			sourceTree = "<group>";
		};
		A6CF2D852A7899500084149B /* Preview Content */ = {
			isa = PBXGroup;
			children = (
				A6CF2D862A7899500084149B /* Preview Assets.xcassets */,
			);
			path = "Preview Content";
			sourceTree = "<group>";
		};
		A6CF2D8F2A7899510084149B /* CardPacTests */ = {
			isa = PBXGroup;
			children = (
				A6CF2D902A7899510084149B /* CardPacTests.swift */,
			);
			path = CardPacTests;
			sourceTree = "<group>";
		};
		A6CF2D992A7899510084149B /* CardPacUITests */ = {
			isa = PBXGroup;
			children = (
				A6CF2D9A2A7899510084149B /* CardPacUITests.swift */,
				A6CF2D9C2A7899510084149B /* CardPacUITestsLaunchTests.swift */,
			);
			path = CardPacUITests;
			sourceTree = "<group>";
		};
		A6CF2DCE2A78D2970084149B /* Networking */ = {
			isa = PBXGroup;
			children = (
				A6CF2DD52A78D31B0084149B /* Services */,
				A6CF2DCF2A78D2B00084149B /* NetworkManager.swift */,
				A6CF2DD12A78D2DC0084149B /* ResponseHandler.swift */,
				A6CF2DD32A78D2F80084149B /* APIHandler.swift */,
			);
			path = Networking;
			sourceTree = "<group>";
		};
		A6CF2DD52A78D31B0084149B /* Services */ = {
			isa = PBXGroup;
			children = (
				A6CF2DD62A78D3300084149B /* CardService.swift */,
			);
			path = Services;
			sourceTree = "<group>";
		};
/* End PBXGroup section */

/* Begin PBXNativeTarget section */
		A6CF2D7B2A78994D0084149B /* CardPac */ = {
			isa = PBXNativeTarget;
			buildConfigurationList = A6CF2DA02A7899510084149B /* Build configuration list for PBXNativeTarget "CardPac" */;
			buildPhases = (
				A6CF2D782A78994D0084149B /* Sources */,
				A6CF2D792A78994D0084149B /* Frameworks */,
				A6CF2D7A2A78994D0084149B /* Resources */,
			);
			buildRules = (
			);
			dependencies = (
			);
			name = CardPac;
			productName = CardPac;
			productReference = A6CF2D7C2A78994D0084149B /* CardPac.app */;
			productType = "com.apple.product-type.application";
		};
		A6CF2D8B2A7899510084149B /* CardPacTests */ = {
			isa = PBXNativeTarget;
			buildConfigurationList = A6CF2DA32A7899510084149B /* Build configuration list for PBXNativeTarget "CardPacTests" */;
			buildPhases = (
				A6CF2D882A7899510084149B /* Sources */,
				A6CF2D892A7899510084149B /* Frameworks */,
				A6CF2D8A2A7899510084149B /* Resources */,
			);
			buildRules = (
			);
			dependencies = (
				A6CF2D8E2A7899510084149B /* PBXTargetDependency */,
			);
			name = CardPacTests;
			productName = CardPacTests;
			productReference = A6CF2D8C2A7899510084149B /* CardPacTests.xctest */;
			productType = "com.apple.product-type.bundle.unit-test";
		};
		A6CF2D952A7899510084149B /* CardPacUITests */ = {
			isa = PBXNativeTarget;
			buildConfigurationList = A6CF2DA62A7899510084149B /* Build configuration list for PBXNativeTarget "CardPacUITests" */;
			buildPhases = (
				A6CF2D922A7899510084149B /* Sources */,
				A6CF2D932A7899510084149B /* Frameworks */,
				A6CF2D942A7899510084149B /* Resources */,
			);
			buildRules = (
			);
			dependencies = (
				A6CF2D982A7899510084149B /* PBXTargetDependency */,
			);
			name = CardPacUITests;
			productName = CardPacUITests;
			productReference = A6CF2D962A7899510084149B /* CardPacUITests.xctest */;
			productType = "com.apple.product-type.bundle.ui-testing";
		};
/* End PBXNativeTarget section */

/* Begin PBXProject section */
		A6CF2D742A78994D0084149B /* Project object */ = {
			isa = PBXProject;
			attributes = {
				BuildIndependentTargetsInParallel = 1;
				LastSwiftUpdateCheck = 1330;
				LastUpgradeCheck = 1330;
				TargetAttributes = {
					A6CF2D7B2A78994D0084149B = {
						CreatedOnToolsVersion = 13.3;
					};
					A6CF2D8B2A7899510084149B = {
						CreatedOnToolsVersion = 13.3;
						TestTargetID = A6CF2D7B2A78994D0084149B;
					};
					A6CF2D952A7899510084149B = {
						CreatedOnToolsVersion = 13.3;
						TestTargetID = A6CF2D7B2A78994D0084149B;
					};
				};
			};
			buildConfigurationList = A6CF2D772A78994D0084149B /* Build configuration list for PBXProject "CardPac" */;
			compatibilityVersion = "Xcode 13.0";
			developmentRegion = en;
			hasScannedForEncodings = 0;
			knownRegions = (
				en,
				Base,
			);
			mainGroup = A6CF2D732A78994D0084149B;
			productRefGroup = A6CF2D7D2A78994D0084149B /* Products */;
			projectDirPath = "";
			projectRoot = "";
			targets = (
				A6CF2D7B2A78994D0084149B /* CardPac */,
				A6CF2D8B2A7899510084149B /* CardPacTests */,
				A6CF2D952A7899510084149B /* CardPacUITests */,
			);
		};
/* End PBXProject section */

/* Begin PBXResourcesBuildPhase section */
		A6CF2D7A2A78994D0084149B /* Resources */ = {
			isa = PBXResourcesBuildPhase;
			buildActionMask = 2147483647;
			files = (
				A6CF2D872A7899500084149B /* Preview Assets.xcassets in Resources */,
				A6CF2D842A7899500084149B /* Assets.xcassets in Resources */,
			);
			runOnlyForDeploymentPostprocessing = 0;
		};
		A6CF2D8A2A7899510084149B /* Resources */ = {
			isa = PBXResourcesBuildPhase;
			buildActionMask = 2147483647;
			files = (
			);
			runOnlyForDeploymentPostprocessing = 0;
		};
		A6CF2D942A7899510084149B /* Resources */ = {
			isa = PBXResourcesBuildPhase;
			buildActionMask = 2147483647;
			files = (
			);
			runOnlyForDeploymentPostprocessing = 0;
		};
/* End PBXResourcesBuildPhase section */

/* Begin PBXSourcesBuildPhase section */
		A6CF2D782A78994D0084149B /* Sources */ = {
			isa = PBXSourcesBuildPhase;
			buildActionMask = 2147483647;
			files = (
				A6CF2DD42A78D2F80084149B /* APIHandler.swift in Sources */,
				A6CF2DB12A78AA050084149B /* Card.swift in Sources */,
				A6CF2D822A78994D0084149B /* ContentView.swift in Sources */,
				A6CF2DD02A78D2B00084149B /* NetworkManager.swift in Sources */,
				A6CF2DDB2A78D89E0084149B /* CardDetails.swift in Sources */,
				A6CF2DB32A78B21D0084149B /* Constants.swift in Sources */,
				A6CF2D802A78994D0084149B /* CardPacApp.swift in Sources */,
				A6CF2DD22A78D2DC0084149B /* ResponseHandler.swift in Sources */,
				A6CF2DD72A78D3300084149B /* CardService.swift in Sources */,
				A6CF2DDD2A78DAFC0084149B /* CardView.swift in Sources */,
				A6CF2DD92A78D6170084149B /* CardViewModel.swift in Sources */,
			);
			runOnlyForDeploymentPostprocessing = 0;
		};
		A6CF2D882A7899510084149B /* Sources */ = {
			isa = PBXSourcesBuildPhase;
			buildActionMask = 2147483647;
			files = (
				A6CF2D912A7899510084149B /* CardPacTests.swift in Sources */,
			);
			runOnlyForDeploymentPostprocessing = 0;
		};
		A6CF2D922A7899510084149B /* Sources */ = {
			isa = PBXSourcesBuildPhase;
			buildActionMask = 2147483647;
			files = (
				A6CF2D9B2A7899510084149B /* CardPacUITests.swift in Sources */,
				A6CF2D9D2A7899510084149B /* CardPacUITestsLaunchTests.swift in Sources */,
			);
			runOnlyForDeploymentPostprocessing = 0;
		};
/* End PBXSourcesBuildPhase section */

/* Begin PBXTargetDependency section */
		A6CF2D8E2A7899510084149B /* PBXTargetDependency */ = {
			isa = PBXTargetDependency;
			target = A6CF2D7B2A78994D0084149B /* CardPac */;
			targetProxy = A6CF2D8D2A7899510084149B /* PBXContainerItemProxy */;
		};
		A6CF2D982A7899510084149B /* PBXTargetDependency */ = {
			isa = PBXTargetDependency;
			target = A6CF2D7B2A78994D0084149B /* CardPac */;
			targetProxy = A6CF2D972A7899510084149B /* PBXContainerItemProxy */;
		};
/* End PBXTargetDependency section */

/* Begin XCBuildConfiguration section */
		A6CF2D9E2A7899510084149B /* Debug */ = {
			isa = XCBuildConfiguration;
			buildSettings = {
				ALWAYS_SEARCH_USER_PATHS = NO;
				CLANG_ANALYZER_NONNULL = YES;
				CLANG_ANALYZER_NUMBER_OBJECT_CONVERSION = YES_AGGRESSIVE;
				CLANG_CXX_LANGUAGE_STANDARD = "gnu++17";
				CLANG_ENABLE_MODULES = YES;
				CLANG_ENABLE_OBJC_ARC = YES;
				CLANG_ENABLE_OBJC_WEAK = YES;
				CLANG_WARN_BLOCK_CAPTURE_AUTORELEASING = YES;
				CLANG_WARN_BOOL_CONVERSION = YES;
				CLANG_WARN_COMMA = YES;
				CLANG_WARN_CONSTANT_CONVERSION = YES;
				CLANG_WARN_DEPRECATED_OBJC_IMPLEMENTATIONS = YES;
				CLANG_WARN_DIRECT_OBJC_ISA_USAGE = YES_ERROR;
				CLANG_WARN_DOCUMENTATION_COMMENTS = YES;
				CLANG_WARN_EMPTY_BODY = YES;
				CLANG_WARN_ENUM_CONVERSION = YES;
				CLANG_WARN_INFINITE_RECURSION = YES;
				CLANG_WARN_INT_CONVERSION = YES;
				CLANG_WARN_NON_LITERAL_NULL_CONVERSION = YES;
				CLANG_WARN_OBJC_IMPLICIT_RETAIN_SELF = YES;
				CLANG_WARN_OBJC_LITERAL_CONVERSION = YES;
				CLANG_WARN_OBJC_ROOT_CLASS = YES_ERROR;
				CLANG_WARN_QUOTED_INCLUDE_IN_FRAMEWORK_HEADER = YES;
				CLANG_WARN_RANGE_LOOP_ANALYSIS = YES;
				CLANG_WARN_STRICT_PROTOTYPES = YES;
				CLANG_WARN_SUSPICIOUS_MOVE = YES;
				CLANG_WARN_UNGUARDED_AVAILABILITY = YES_AGGRESSIVE;
				CLANG_WARN_UNREACHABLE_CODE = YES;
				CLANG_WARN__DUPLICATE_METHOD_MATCH = YES;
				COPY_PHASE_STRIP = NO;
				DEBUG_INFORMATION_FORMAT = dwarf;
				ENABLE_STRICT_OBJC_MSGSEND = YES;
				ENABLE_TESTABILITY = YES;
				GCC_C_LANGUAGE_STANDARD = gnu11;
				GCC_DYNAMIC_NO_PIC = NO;
				GCC_NO_COMMON_BLOCKS = YES;
				GCC_OPTIMIZATION_LEVEL = 0;
				GCC_PREPROCESSOR_DEFINITIONS = (
					"DEBUG=1",
					"$(inherited)",
				);
				GCC_WARN_64_TO_32_BIT_CONVERSION = YES;
				GCC_WARN_ABOUT_RETURN_TYPE = YES_ERROR;
				GCC_WARN_UNDECLARED_SELECTOR = YES;
				GCC_WARN_UNINITIALIZED_AUTOS = YES_AGGRESSIVE;
				GCC_WARN_UNUSED_FUNCTION = YES;
				GCC_WARN_UNUSED_VARIABLE = YES;
				IPHONEOS_DEPLOYMENT_TARGET = 15.4;
				MTL_ENABLE_DEBUG_INFO = INCLUDE_SOURCE;
				MTL_FAST_MATH = YES;
				ONLY_ACTIVE_ARCH = YES;
				SDKROOT = iphoneos;
				SWIFT_ACTIVE_COMPILATION_CONDITIONS = DEBUG;
				SWIFT_OPTIMIZATION_LEVEL = "-Onone";
			};
			name = Debug;
		};
		A6CF2D9F2A7899510084149B /* Release */ = {
			isa = XCBuildConfiguration;
			buildSettings = {
				ALWAYS_SEARCH_USER_PATHS = NO;
				CLANG_ANALYZER_NONNULL = YES;
				CLANG_ANALYZER_NUMBER_OBJECT_CONVERSION = YES_AGGRESSIVE;
				CLANG_CXX_LANGUAGE_STANDARD = "gnu++17";
				CLANG_ENABLE_MODULES = YES;
				CLANG_ENABLE_OBJC_ARC = YES;
				CLANG_ENABLE_OBJC_WEAK = YES;
				CLANG_WARN_BLOCK_CAPTURE_AUTORELEASING = YES;
				CLANG_WARN_BOOL_CONVERSION = YES;
				CLANG_WARN_COMMA = YES;
				CLANG_WARN_CONSTANT_CONVERSION = YES;
				CLANG_WARN_DEPRECATED_OBJC_IMPLEMENTATIONS = YES;
				CLANG_WARN_DIRECT_OBJC_ISA_USAGE = YES_ERROR;
				CLANG_WARN_DOCUMENTATION_COMMENTS = YES;
				CLANG_WARN_EMPTY_BODY = YES;
				CLANG_WARN_ENUM_CONVERSION = YES;
				CLANG_WARN_INFINITE_RECURSION = YES;
				CLANG_WARN_INT_CONVERSION = YES;
				CLANG_WARN_NON_LITERAL_NULL_CONVERSION = YES;
				CLANG_WARN_OBJC_IMPLICIT_RETAIN_SELF = YES;
				CLANG_WARN_OBJC_LITERAL_CONVERSION = YES;
				CLANG_WARN_OBJC_ROOT_CLASS = YES_ERROR;
				CLANG_WARN_QUOTED_INCLUDE_IN_FRAMEWORK_HEADER = YES;
				CLANG_WARN_RANGE_LOOP_ANALYSIS = YES;
				CLANG_WARN_STRICT_PROTOTYPES = YES;
				CLANG_WARN_SUSPICIOUS_MOVE = YES;
				CLANG_WARN_UNGUARDED_AVAILABILITY = YES_AGGRESSIVE;
				CLANG_WARN_UNREACHABLE_CODE = YES;
				CLANG_WARN__DUPLICATE_METHOD_MATCH = YES;
				COPY_PHASE_STRIP = NO;
				DEBUG_INFORMATION_FORMAT = "dwarf-with-dsym";
				ENABLE_NS_ASSERTIONS = NO;
				ENABLE_STRICT_OBJC_MSGSEND = YES;
				GCC_C_LANGUAGE_STANDARD = gnu11;
				GCC_NO_COMMON_BLOCKS = YES;
				GCC_WARN_64_TO_32_BIT_CONVERSION = YES;
				GCC_WARN_ABOUT_RETURN_TYPE = YES_ERROR;
				GCC_WARN_UNDECLARED_SELECTOR = YES;
				GCC_WARN_UNINITIALIZED_AUTOS = YES_AGGRESSIVE;
				GCC_WARN_UNUSED_FUNCTION = YES;
				GCC_WARN_UNUSED_VARIABLE = YES;
				IPHONEOS_DEPLOYMENT_TARGET = 15.4;
				MTL_ENABLE_DEBUG_INFO = NO;
				MTL_FAST_MATH = YES;
				SDKROOT = iphoneos;
				SWIFT_COMPILATION_MODE = wholemodule;
				SWIFT_OPTIMIZATION_LEVEL = "-O";
				VALIDATE_PRODUCT = YES;
			};
			name = Release;
		};
		A6CF2DA12A7899510084149B /* Debug */ = {
			isa = XCBuildConfiguration;
			buildSettings = {
				ASSETCATALOG_COMPILER_APPICON_NAME = AppIcon;
				ASSETCATALOG_COMPILER_GLOBAL_ACCENT_COLOR_NAME = AccentColor;
				CODE_SIGN_STYLE = Automatic;
				CURRENT_PROJECT_VERSION = 1;
				DEVELOPMENT_ASSET_PATHS = "\"CardPac/Preview Content\"";
				ENABLE_PREVIEWS = YES;
				GENERATE_INFOPLIST_FILE = YES;
				INFOPLIST_KEY_UIApplicationSceneManifest_Generation = YES;
				INFOPLIST_KEY_UIApplicationSupportsIndirectInputEvents = YES;
				INFOPLIST_KEY_UILaunchScreen_Generation = YES;
				INFOPLIST_KEY_UISupportedInterfaceOrientations_iPad = "UIInterfaceOrientationPortrait UIInterfaceOrientationPortraitUpsideDown UIInterfaceOrientationLandscapeLeft UIInterfaceOrientationLandscapeRight";
				INFOPLIST_KEY_UISupportedInterfaceOrientations_iPhone = "UIInterfaceOrientationPortrait UIInterfaceOrientationLandscapeLeft UIInterfaceOrientationLandscapeRight";
				LD_RUNPATH_SEARCH_PATHS = (
					"$(inherited)",
					"@executable_path/Frameworks",
				);
				MARKETING_VERSION = 1.0;
				PRODUCT_BUNDLE_IDENTIFIER = com.ramiro.CardPac;
				PRODUCT_NAME = "$(TARGET_NAME)";
				SWIFT_EMIT_LOC_STRINGS = YES;
				SWIFT_VERSION = 5.0;
				TARGETED_DEVICE_FAMILY = "1,2";
			};
			name = Debug;
		};
		A6CF2DA22A7899510084149B /* Release */ = {
			isa = XCBuildConfiguration;
			buildSettings = {
				ASSETCATALOG_COMPILER_APPICON_NAME = AppIcon;
				ASSETCATALOG_COMPILER_GLOBAL_ACCENT_COLOR_NAME = AccentColor;
				CODE_SIGN_STYLE = Automatic;
				CURRENT_PROJECT_VERSION = 1;
				DEVELOPMENT_ASSET_PATHS = "\"CardPac/Preview Content\"";
				ENABLE_PREVIEWS = YES;
				GENERATE_INFOPLIST_FILE = YES;
				INFOPLIST_KEY_UIApplicationSceneManifest_Generation = YES;
				INFOPLIST_KEY_UIApplicationSupportsIndirectInputEvents = YES;
				INFOPLIST_KEY_UILaunchScreen_Generation = YES;
				INFOPLIST_KEY_UISupportedInterfaceOrientations_iPad = "UIInterfaceOrientationPortrait UIInterfaceOrientationPortraitUpsideDown UIInterfaceOrientationLandscapeLeft UIInterfaceOrientationLandscapeRight";
				INFOPLIST_KEY_UISupportedInterfaceOrientations_iPhone = "UIInterfaceOrientationPortrait UIInterfaceOrientationLandscapeLeft UIInterfaceOrientationLandscapeRight";
				LD_RUNPATH_SEARCH_PATHS = (
					"$(inherited)",
					"@executable_path/Frameworks",
				);
				MARKETING_VERSION = 1.0;
				PRODUCT_BUNDLE_IDENTIFIER = com.ramiro.CardPac;
				PRODUCT_NAME = "$(TARGET_NAME)";
				SWIFT_EMIT_LOC_STRINGS = YES;
				SWIFT_VERSION = 5.0;
				TARGETED_DEVICE_FAMILY = "1,2";
			};
			name = Release;
		};
		A6CF2DA42A7899510084149B /* Debug */ = {
			isa = XCBuildConfiguration;
			buildSettings = {
				ALWAYS_EMBED_SWIFT_STANDARD_LIBRARIES = YES;
				BUNDLE_LOADER = "$(TEST_HOST)";
				CODE_SIGN_STYLE = Automatic;
				CURRENT_PROJECT_VERSION = 1;
				GENERATE_INFOPLIST_FILE = YES;
				IPHONEOS_DEPLOYMENT_TARGET = 15.4;
				MARKETING_VERSION = 1.0;
				PRODUCT_BUNDLE_IDENTIFIER = com.ramiro.CardPacTests;
				PRODUCT_NAME = "$(TARGET_NAME)";
				SWIFT_EMIT_LOC_STRINGS = NO;
				SWIFT_VERSION = 5.0;
				TARGETED_DEVICE_FAMILY = "1,2";
				TEST_HOST = "$(BUILT_PRODUCTS_DIR)/CardPac.app/CardPac";
			};
			name = Debug;
		};
		A6CF2DA52A7899510084149B /* Release */ = {
			isa = XCBuildConfiguration;
			buildSettings = {
				ALWAYS_EMBED_SWIFT_STANDARD_LIBRARIES = YES;
				BUNDLE_LOADER = "$(TEST_HOST)";
				CODE_SIGN_STYLE = Automatic;
				CURRENT_PROJECT_VERSION = 1;
				GENERATE_INFOPLIST_FILE = YES;
				IPHONEOS_DEPLOYMENT_TARGET = 15.4;
				MARKETING_VERSION = 1.0;
				PRODUCT_BUNDLE_IDENTIFIER = com.ramiro.CardPacTests;
				PRODUCT_NAME = "$(TARGET_NAME)";
				SWIFT_EMIT_LOC_STRINGS = NO;
				SWIFT_VERSION = 5.0;
				TARGETED_DEVICE_FAMILY = "1,2";
				TEST_HOST = "$(BUILT_PRODUCTS_DIR)/CardPac.app/CardPac";
			};
			name = Release;
		};
		A6CF2DA72A7899510084149B /* Debug */ = {
			isa = XCBuildConfiguration;
			buildSettings = {
				ALWAYS_EMBED_SWIFT_STANDARD_LIBRARIES = YES;
				CODE_SIGN_STYLE = Automatic;
				CURRENT_PROJECT_VERSION = 1;
				GENERATE_INFOPLIST_FILE = YES;
				MARKETING_VERSION = 1.0;
				PRODUCT_BUNDLE_IDENTIFIER = com.ramiro.CardPacUITests;
				PRODUCT_NAME = "$(TARGET_NAME)";
				SWIFT_EMIT_LOC_STRINGS = NO;
				SWIFT_VERSION = 5.0;
				TARGETED_DEVICE_FAMILY = "1,2";
				TEST_TARGET_NAME = CardPac;
			};
			name = Debug;
		};
		A6CF2DA82A7899510084149B /* Release */ = {
			isa = XCBuildConfiguration;
			buildSettings = {
				ALWAYS_EMBED_SWIFT_STANDARD_LIBRARIES = YES;
				CODE_SIGN_STYLE = Automatic;
				CURRENT_PROJECT_VERSION = 1;
				GENERATE_INFOPLIST_FILE = YES;
				MARKETING_VERSION = 1.0;
				PRODUCT_BUNDLE_IDENTIFIER = com.ramiro.CardPacUITests;
				PRODUCT_NAME = "$(TARGET_NAME)";
				SWIFT_EMIT_LOC_STRINGS = NO;
				SWIFT_VERSION = 5.0;
				TARGETED_DEVICE_FAMILY = "1,2";
				TEST_TARGET_NAME = CardPac;
			};
			name = Release;
		};
/* End XCBuildConfiguration section */

/* Begin XCConfigurationList section */
		A6CF2D772A78994D0084149B /* Build configuration list for PBXProject "CardPac" */ = {
			isa = XCConfigurationList;
			buildConfigurations = (
				A6CF2D9E2A7899510084149B /* Debug */,
				A6CF2D9F2A7899510084149B /* Release */,
			);
			defaultConfigurationIsVisible = 0;
			defaultConfigurationName = Release;
		};
		A6CF2DA02A7899510084149B /* Build configuration list for PBXNativeTarget "CardPac" */ = {
			isa = XCConfigurationList;
			buildConfigurations = (
				A6CF2DA12A7899510084149B /* Debug */,
				A6CF2DA22A7899510084149B /* Release */,
			);
			defaultConfigurationIsVisible = 0;
			defaultConfigurationName = Release;
		};
		A6CF2DA32A7899510084149B /* Build configuration list for PBXNativeTarget "CardPacTests" */ = {
			isa = XCConfigurationList;
			buildConfigurations = (
				A6CF2DA42A7899510084149B /* Debug */,
				A6CF2DA52A7899510084149B /* Release */,
			);
			defaultConfigurationIsVisible = 0;
			defaultConfigurationName = Release;
		};
		A6CF2DA62A7899510084149B /* Build configuration list for PBXNativeTarget "CardPacUITests" */ = {
			isa = XCConfigurationList;
			buildConfigurations = (
				A6CF2DA72A7899510084149B /* Debug */,
				A6CF2DA82A7899510084149B /* Release */,
			);
			defaultConfigurationIsVisible = 0;
			defaultConfigurationName = Release;
		};
/* End XCConfigurationList section */
	};
	rootObject = A6CF2D742A78994D0084149B /* Project object */;
}
